
Microsoft Visual Studio Solution File, Format Version 12.00
# Visual Studio Version 17
VisualStudioVersion = 17.7.34031.279
MinimumVisualStudioVersion = 10.0.40219.1
Project("{9A19103F-16F7-4668-BE54-9A1E7A4F7556}") = "T_T_PandorasBox", "T_T_PandorasBox\T_T_PandorasBox.csproj", "{A246C115-4B30-4D50-9F17-9855D07F0AFF}"
	ProjectSection(ProjectDependencies) = postProject
		{60B0501F-3E36-43E2-BB30-C3E469FA45E2} = {60B0501F-3E36-43E2-BB30-C3E469FA45E2}
		{F049A2F7-87D8-40B6-A1BF-F462E3BFE5FD} = {F049A2F7-87D8-40B6-A1BF-F462E3BFE5FD}
	EndProjectSection
EndProject
Project("{9A19103F-16F7-4668-BE54-9A1E7A4F7556}") = "Scripts", "Scripts\Scripts.csproj", "{9896C50B-5D24-4A54-8508-0CFD0B0306FF}"
EndProject
Project("{9A19103F-16F7-4668-BE54-9A1E7A4F7556}") = "Api", "Api\Api.csproj", "{AFFDEDC6-7D2D-466A-A2B4-AF0418D058D1}"
EndProject
Project("{9A19103F-16F7-4668-BE54-9A1E7A4F7556}") = "WinApi", "WinApi\WinApi.csproj", "{DAE4B1CE-02B4-4CA4-882E-25BDC23D311B}"
EndProject
Project("{9A19103F-16F7-4668-BE54-9A1E7A4F7556}") = "Api.Internal", "Api.Internal\Api.Internal.csproj", "{1F8E7EF1-3649-4056-BE71-11B14CBAD6BB}"
EndProject
Project("{9A19103F-16F7-4668-BE54-9A1E7A4F7556}") = "LCU", "LCU\LCU.csproj", "{2504132C-E87A-4EF9-9045-77724FC0361C}"
EndProject
Project("{8BC9CEB8-8B4A-11D0-8D11-00A0C91BC942}") = "Native", "Native\Native.vcxproj", "{F049A2F7-87D8-40B6-A1BF-F462E3BFE5FD}"
EndProject
Project("{9A19103F-16F7-4668-BE54-9A1E7A4F7556}") = "Tests", "Tests\Tests.csproj", "{4432A2DF-61F0-4F4E-8813-7DC3E062B967}"
	ProjectSection(ProjectDependencies) = postProject
		{F049A2F7-87D8-40B6-A1BF-F462E3BFE5FD} = {F049A2F7-87D8-40B6-A1BF-F462E3BFE5FD}
	EndProjectSection
EndProject
Project("{9A19103F-16F7-4668-BE54-9A1E7A4F7556}") = "NativeWarper", "NativeWarper\NativeWarper.csproj", "{C4DCDB33-CC17-4C1C-9E85-5285F9CE4C18}"
	ProjectSection(ProjectDependencies) = postProject
		{F049A2F7-87D8-40B6-A1BF-F462E3BFE5FD} = {F049A2F7-87D8-40B6-A1BF-F462E3BFE5FD}
	EndProjectSection
EndProject
Project("{9A19103F-16F7-4668-BE54-9A1E7A4F7556}") = "T_T_Launcher", "T_T_Launcher\T_T_Launcher.csproj", "{E81E402D-7BA4-49DB-B3A0-AAB0A546F9E7}"
	ProjectSection(ProjectDependencies) = postProject
		{A246C115-4B30-4D50-9F17-9855D07F0AFF} = {A246C115-4B30-4D50-9F17-9855D07F0AFF}
	EndProjectSection
EndProject
Project("{8BC9CEB8-8B4A-11D0-8D11-00A0C91BC942}") = "TestCPP", "TestCPP\TestCPP.vcxproj", "{3AA20A66-7B68-4491-918D-12D039797E01}"
EndProject
Project("{8BC9CEB8-8B4A-11D0-8D11-00A0C91BC942}") = "T_THybrid", "T_THybrid\T_THybrid.vcxproj", "{60B0501F-3E36-43E2-BB30-C3E469FA45E2}"
EndProject
Global
	GlobalSection(SolutionConfigurationPlatforms) = preSolution
		Debug|x64 = Debug|x64
		Debug|x86 = Debug|x86
		Release|x64 = Release|x64
		Release|x86 = Release|x86
	EndGlobalSection
	GlobalSection(ProjectConfigurationPlatforms) = postSolution
		{A246C115-4B30-4D50-9F17-9855D07F0AFF}.Debug|x64.ActiveCfg = Debug|x64
		{A246C115-4B30-4D50-9F17-9855D07F0AFF}.Debug|x64.Build.0 = Debug|x64
		{A246C115-4B30-4D50-9F17-9855D07F0AFF}.Debug|x86.ActiveCfg = Debug|x64
		{A246C115-4B30-4D50-9F17-9855D07F0AFF}.Debug|x86.Build.0 = Debug|x64
		{A246C115-4B30-4D50-9F17-9855D07F0AFF}.Release|x64.ActiveCfg = Release|x64
		{A246C115-4B30-4D50-9F17-9855D07F0AFF}.Release|x64.Build.0 = Release|x64
		{A246C115-4B30-4D50-9F17-9855D07F0AFF}.Release|x86.ActiveCfg = Release|x64
		{A246C115-4B30-4D50-9F17-9855D07F0AFF}.Release|x86.Build.0 = Release|x64
		{9896C50B-5D24-4A54-8508-0CFD0B0306FF}.Debug|x64.ActiveCfg = Debug|x64
		{9896C50B-5D24-4A54-8508-0CFD0B0306FF}.Debug|x64.Build.0 = Debug|x64
		{9896C50B-5D24-4A54-8508-0CFD0B0306FF}.Debug|x86.ActiveCfg = Debug|Any CPU
		{9896C50B-5D24-4A54-8508-0CFD0B0306FF}.Debug|x86.Build.0 = Debug|Any CPU
		{9896C50B-5D24-4A54-8508-0CFD0B0306FF}.Release|x64.ActiveCfg = Release|x64
		{9896C50B-5D24-4A54-8508-0CFD0B0306FF}.Release|x64.Build.0 = Release|x64
		{9896C50B-5D24-4A54-8508-0CFD0B0306FF}.Release|x86.ActiveCfg = Release|Any CPU
		{9896C50B-5D24-4A54-8508-0CFD0B0306FF}.Release|x86.Build.0 = Release|Any CPU
		{AFFDEDC6-7D2D-466A-A2B4-AF0418D058D1}.Debug|x64.ActiveCfg = Debug|x64
		{AFFDEDC6-7D2D-466A-A2B4-AF0418D058D1}.Debug|x64.Build.0 = Debug|x64
		{AFFDEDC6-7D2D-466A-A2B4-AF0418D058D1}.Debug|x86.ActiveCfg = Debug|Any CPU
		{AFFDEDC6-7D2D-466A-A2B4-AF0418D058D1}.Debug|x86.Build.0 = Debug|Any CPU
		{AFFDEDC6-7D2D-466A-A2B4-AF0418D058D1}.Release|x64.ActiveCfg = Release|x64
		{AFFDEDC6-7D2D-466A-A2B4-AF0418D058D1}.Release|x64.Build.0 = Release|x64
		{AFFDEDC6-7D2D-466A-A2B4-AF0418D058D1}.Release|x86.ActiveCfg = Release|Any CPU
		{AFFDEDC6-7D2D-466A-A2B4-AF0418D058D1}.Release|x86.Build.0 = Release|Any CPU
		{DAE4B1CE-02B4-4CA4-882E-25BDC23D311B}.Debug|x64.ActiveCfg = Debug|x64
		{DAE4B1CE-02B4-4CA4-882E-25BDC23D311B}.Debug|x64.Build.0 = Debug|x64
		{DAE4B1CE-02B4-4CA4-882E-25BDC23D311B}.Debug|x86.ActiveCfg = Debug|Any CPU
		{DAE4B1CE-02B4-4CA4-882E-25BDC23D311B}.Debug|x86.Build.0 = Debug|Any CPU
		{DAE4B1CE-02B4-4CA4-882E-25BDC23D311B}.Release|x64.ActiveCfg = Release|x64
		{DAE4B1CE-02B4-4CA4-882E-25BDC23D311B}.Release|x64.Build.0 = Release|x64
		{DAE4B1CE-02B4-4CA4-882E-25BDC23D311B}.Release|x86.ActiveCfg = Release|Any CPU
		{DAE4B1CE-02B4-4CA4-882E-25BDC23D311B}.Release|x86.Build.0 = Release|Any CPU
		{1F8E7EF1-3649-4056-BE71-11B14CBAD6BB}.Debug|x64.ActiveCfg = Debug|x64
		{1F8E7EF1-3649-4056-BE71-11B14CBAD6BB}.Debug|x64.Build.0 = Debug|x64
		{1F8E7EF1-3649-4056-BE71-11B14CBAD6BB}.Debug|x86.ActiveCfg = Debug|Any CPU
		{1F8E7EF1-3649-4056-BE71-11B14CBAD6BB}.Debug|x86.Build.0 = Debug|Any CPU
		{1F8E7EF1-3649-4056-BE71-11B14CBAD6BB}.Release|x64.ActiveCfg = Release|x64
		{1F8E7EF1-3649-4056-BE71-11B14CBAD6BB}.Release|x64.Build.0 = Release|x64
		{1F8E7EF1-3649-4056-BE71-11B14CBAD6BB}.Release|x86.ActiveCfg = Release|Any CPU
		{1F8E7EF1-3649-4056-BE71-11B14CBAD6BB}.Release|x86.Build.0 = Release|Any CPU
		{2504132C-E87A-4EF9-9045-77724FC0361C}.Debug|x64.ActiveCfg = Debug|x64
		{2504132C-E87A-4EF9-9045-77724FC0361C}.Debug|x64.Build.0 = Debug|x64
		{2504132C-E87A-4EF9-9045-77724FC0361C}.Debug|x86.ActiveCfg = Debug|Any CPU
		{2504132C-E87A-4EF9-9045-77724FC0361C}.Debug|x86.Build.0 = Debug|Any CPU
		{2504132C-E87A-4EF9-9045-77724FC0361C}.Release|x64.ActiveCfg = Release|x64
		{2504132C-E87A-4EF9-9045-77724FC0361C}.Release|x64.Build.0 = Release|x64
		{2504132C-E87A-4EF9-9045-77724FC0361C}.Release|x86.ActiveCfg = Release|Any CPU
		{2504132C-E87A-4EF9-9045-77724FC0361C}.Release|x86.Build.0 = Release|Any CPU
		{F049A2F7-87D8-40B6-A1BF-F462E3BFE5FD}.Debug|x64.ActiveCfg = Debug|x64
		{F049A2F7-87D8-40B6-A1BF-F462E3BFE5FD}.Debug|x64.Build.0 = Debug|x64
		{F049A2F7-87D8-40B6-A1BF-F462E3BFE5FD}.Debug|x86.ActiveCfg = Debug|x64
		{F049A2F7-87D8-40B6-A1BF-F462E3BFE5FD}.Debug|x86.Build.0 = Debug|x64
		{F049A2F7-87D8-40B6-A1BF-F462E3BFE5FD}.Release|x64.ActiveCfg = Release|x64
		{F049A2F7-87D8-40B6-A1BF-F462E3BFE5FD}.Release|x64.Build.0 = Release|x64
		{F049A2F7-87D8-40B6-A1BF-F462E3BFE5FD}.Release|x86.ActiveCfg = Release|x64
		{F049A2F7-87D8-40B6-A1BF-F462E3BFE5FD}.Release|x86.Build.0 = Release|x64
		{4432A2DF-61F0-4F4E-8813-7DC3E062B967}.Debug|x64.ActiveCfg = Debug|x64
		{4432A2DF-61F0-4F4E-8813-7DC3E062B967}.Debug|x64.Build.0 = Debug|x64
		{4432A2DF-61F0-4F4E-8813-7DC3E062B967}.Debug|x86.ActiveCfg = Debug|Any CPU
		{4432A2DF-61F0-4F4E-8813-7DC3E062B967}.Debug|x86.Build.0 = Debug|Any CPU
		{4432A2DF-61F0-4F4E-8813-7DC3E062B967}.Release|x64.ActiveCfg = Release|x64
		{4432A2DF-61F0-4F4E-8813-7DC3E062B967}.Release|x64.Build.0 = Release|x64
		{4432A2DF-61F0-4F4E-8813-7DC3E062B967}.Release|x86.ActiveCfg = Release|Any CPU
		{4432A2DF-61F0-4F4E-8813-7DC3E062B967}.Release|x86.Build.0 = Release|Any CPU
		{C4DCDB33-CC17-4C1C-9E85-5285F9CE4C18}.Debug|x64.ActiveCfg = Debug|x64
		{C4DCDB33-CC17-4C1C-9E85-5285F9CE4C18}.Debug|x64.Build.0 = Debug|x64
		{C4DCDB33-CC17-4C1C-9E85-5285F9CE4C18}.Debug|x86.ActiveCfg = Debug|Any CPU
		{C4DCDB33-CC17-4C1C-9E85-5285F9CE4C18}.Debug|x86.Build.0 = Debug|Any CPU
		{C4DCDB33-CC17-4C1C-9E85-5285F9CE4C18}.Release|x64.ActiveCfg = Release|x64
		{C4DCDB33-CC17-4C1C-9E85-5285F9CE4C18}.Release|x64.Build.0 = Release|x64
		{C4DCDB33-CC17-4C1C-9E85-5285F9CE4C18}.Release|x86.ActiveCfg = Release|Any CPU
		{C4DCDB33-CC17-4C1C-9E85-5285F9CE4C18}.Release|x86.Build.0 = Release|Any CPU
		{E81E402D-7BA4-49DB-B3A0-AAB0A546F9E7}.Debug|x64.ActiveCfg = Debug|x64
		{E81E402D-7BA4-49DB-B3A0-AAB0A546F9E7}.Debug|x64.Build.0 = Debug|x64
		{E81E402D-7BA4-49DB-B3A0-AAB0A546F9E7}.Debug|x86.ActiveCfg = Debug|x64
		{E81E402D-7BA4-49DB-B3A0-AAB0A546F9E7}.Debug|x86.Build.0 = Debug|x64
		{E81E402D-7BA4-49DB-B3A0-AAB0A546F9E7}.Release|x64.ActiveCfg = Release|x64
		{E81E402D-7BA4-49DB-B3A0-AAB0A546F9E7}.Release|x64.Build.0 = Release|x64
		{E81E402D-7BA4-49DB-B3A0-AAB0A546F9E7}.Release|x86.ActiveCfg = Release|x64
		{E81E402D-7BA4-49DB-B3A0-AAB0A546F9E7}.Release|x86.Build.0 = Release|x64
		{3AA20A66-7B68-4491-918D-12D039797E01}.Debug|x64.ActiveCfg = Debug|x64
		{3AA20A66-7B68-4491-918D-12D039797E01}.Debug|x64.Build.0 = Debug|x64
		{3AA20A66-7B68-4491-918D-12D039797E01}.Debug|x86.ActiveCfg = Debug|Win32
		{3AA20A66-7B68-4491-918D-12D039797E01}.Debug|x86.Build.0 = Debug|Win32
		{3AA20A66-7B68-4491-918D-12D039797E01}.Release|x64.ActiveCfg = Release|x64
		{3AA20A66-7B68-4491-918D-12D039797E01}.Release|x64.Build.0 = Release|x64
		{3AA20A66-7B68-4491-918D-12D039797E01}.Release|x86.ActiveCfg = Release|Win32
		{3AA20A66-7B68-4491-918D-12D039797E01}.Release|x86.Build.0 = Release|Win32
		{60B0501F-3E36-43E2-BB30-C3E469FA45E2}.Debug|x64.ActiveCfg = Debug|x64
		{60B0501F-3E36-43E2-BB30-C3E469FA45E2}.Debug|x64.Build.0 = Debug|x64
		{60B0501F-3E36-43E2-BB30-C3E469FA45E2}.Debug|x86.ActiveCfg = Debug|Win32
		{60B0501F-3E36-43E2-BB30-C3E469FA45E2}.Debug|x86.Build.0 = Debug|Win32
		{60B0501F-3E36-43E2-BB30-C3E469FA45E2}.Release|x64.ActiveCfg = Release|x64
		{60B0501F-3E36-43E2-BB30-C3E469FA45E2}.Release|x64.Build.0 = Release|x64
		{60B0501F-3E36-43E2-BB30-C3E469FA45E2}.Release|x86.ActiveCfg = Release|Win32
		{60B0501F-3E36-43E2-BB30-C3E469FA45E2}.Release|x86.Build.0 = Release|Win32
	EndGlobalSection
	GlobalSection(SolutionProperties) = preSolution
		HideSolutionNode = FALSE
	EndGlobalSection
	GlobalSection(ExtensibilityGlobals) = postSolution
		SolutionGuid = {B73C3242-9B46-40A2-B33E-BB817B4DF65D}
	EndGlobalSection
EndGlobal
